{
  "name": "cavalion-code",
  "version": "1.0.34",
  "lockfileVersion": 1,
  "requires": true,
  "dependencies": {
    "cavalion-js": {
      "version": "1.0.10",
      "resolved": "https://registry.npmjs.org/cavalion-js/-/cavalion-js-1.0.10.tgz",
      "integrity": "sha512-MJnA9/rnbLebnmCBuEwck+JLO1IiG6jk1/fdSPQ6Yt04iayBwePigZfLnCtzqG24ZVTDvmIuECaWmrlhSOFASg=="
    },
    "cavalion-vcl": {
      "version": "1.0.16",
      "resolved": "https://registry.npmjs.org/cavalion-vcl/-/cavalion-vcl-1.0.16.tgz",
      "integrity": "sha512-KTOujl31NFfgqr62FfgOhmKlXLexeTBa/q+EzmmbDS4GTUmug6PiLihofqggys5ND/J4t1Yd+9FXLNuN7erLLQ==",
      "requires": {
        "cavalion-js": "^1.0.2"
      }
    }
  }
}
