{
  "name": "cavalion-code",
  "version": "1.0.22",
  "lockfileVersion": 1,
  "requires": true,
  "dependencies": {
    "cavalion-js": {
      "version": "1.0.2",
      "resolved": "https://registry.npmjs.org/cavalion-js/-/cavalion-js-1.0.2.tgz",
      "integrity": "sha512-pFhUrsTm9hXwvWPQAwvdjQrznBSq4z4B251TcyjsQps734CZnXHvC3Fmy9+A74jNoNvcwYi29BqE6s/hj9ZrRg=="
    },
    "cavalion-vcl": {
      "version": "1.0.6",
      "resolved": "https://registry.npmjs.org/cavalion-vcl/-/cavalion-vcl-1.0.6.tgz",
      "integrity": "sha512-jEGtx5NDb2oxqiF7ZVWwfGikbBKTY6SXccMTQ3Roxc6gExudoPenHcpux6BmKRGC1SZ6VCk4KdMo1iqoIzRXSw==",
      "requires": {
        "cavalion-js": "1.0.2"
      }
    }
  }
}
