{
  "name": "cavalion-code",
  "version": "1.0.0",
  "lockfileVersion": 1,
  "requires": true,
  "dependencies": {
    "cavalion-js": {
      "version": "1.0.0",
      "resolved": "https://registry.npmjs.org/cavalion-js/-/cavalion-js-1.0.0.tgz",
      "integrity": "sha512-9Xaz3opV7i8rtn+Y8vKHduMe89WP2LdmcglwafdLZbDABF1LILfi0uns8oD0/RcHO3iBMQOtqAdt8mPvHyk+bA=="
    },
    "cavalion-vcl": {
      "version": "1.0.1",
      "resolved": "https://registry.npmjs.org/cavalion-vcl/-/cavalion-vcl-1.0.1.tgz",
      "integrity": "sha512-z2xDRZkcNSBg6lNpq8DR/pcWAQoDIqGNrKsEG/cohKWjcEwRnjEnWirmFQf6B0+QYwbXvABXhGyJ9/izmx7DuA==",
      "requires": {
        "cavalion-js": "1.0.0"
      }
    }
  }
}
