# THIS IS AN AUTOGENERATED FILE. DO NOT EDIT THIS FILE DIRECTLY.
# yarn lockfile v1


cavalion-js@^1.0.2:
  version "1.0.2"
  resolved "https://registry.yarnpkg.com/cavalion-js/-/cavalion-js-1.0.2.tgz#61401a33df939feceb8f6678ea8e49c5b6a372a7"

cavalion-vcl@^1.0.4:
  version "1.0.6"
  resolved "https://registry.yarnpkg.com/cavalion-vcl/-/cavalion-vcl-1.0.6.tgz#5a47389323795358f8b2c2101e59af1a571b6aa8"
  dependencies:
    cavalion-js "^1.0.2"

fast-xml-parser@^3.2.0:
  version "3.2.0"
  resolved "https://registry.yarnpkg.com/fast-xml-parser/-/fast-xml-parser-3.2.0.tgz#3303815a6008d66d3e469950b0415e6045c79f3b"
  dependencies:
    he "~1.1.1"

he@~1.1.1:
  version "1.1.1"
  resolved "https://registry.yarnpkg.com/he/-/he-1.1.1.tgz#93410fd21b009735151f8868c2f271f3427e23fd"
